
Microsoft Visual Studio Solution File, Format Version 12.00
# Visual Studio 14
VisualStudioVersion = 14.0.25420.1
MinimumVisualStudioVersion = 10.0.40219.1
Project("{FAE04EC0-301F-11D3-BF4B-00C04F79EFBC}") = "Fraction", "Fraction.csproj", "{FB581887-FF93-4371-9A48-B3427C6CE086}"
EndProject
Project("{FAE04EC0-301F-11D3-BF4B-00C04F79EFBC}") = "Fraction.Tests", "..\Fraction.Tests\Fraction.Tests.csproj", "{99B2D302-DDDD-4014-8C67-8D97CCF6E6EA}"
EndProject
Global
	GlobalSection(SolutionConfigurationPlatforms) = preSolution
		Debug|Any CPU = Debug|Any CPU
		Release|Any CPU = Release|Any CPU
	EndGlobalSection
	GlobalSection(ProjectConfigurationPlatforms) = postSolution
		{FB581887-FF93-4371-9A48-B3427C6CE086}.Debug|Any CPU.ActiveCfg = Debug|Any CPU
		{FB581887-FF93-4371-9A48-B3427C6CE086}.Debug|Any CPU.Build.0 = Debug|Any CPU
		{FB581887-FF93-4371-9A48-B3427C6CE086}.Release|Any CPU.ActiveCfg = Release|Any CPU
		{FB581887-FF93-4371-9A48-B3427C6CE086}.Release|Any CPU.Build.0 = Release|Any CPU
		{99B2D302-DDDD-4014-8C67-8D97CCF6E6EA}.Debug|Any CPU.ActiveCfg = Debug|Any CPU
		{99B2D302-DDDD-4014-8C67-8D97CCF6E6EA}.Debug|Any CPU.Build.0 = Debug|Any CPU
		{99B2D302-DDDD-4014-8C67-8D97CCF6E6EA}.Release|Any CPU.ActiveCfg = Release|Any CPU
		{99B2D302-DDDD-4014-8C67-8D97CCF6E6EA}.Release|Any CPU.Build.0 = Release|Any CPU
	EndGlobalSection
	GlobalSection(SolutionProperties) = preSolution
		HideSolutionNode = FALSE
	EndGlobalSection
EndGlobal
